// !$*UTF8*$!
{
	archiveVersion = 1;
	classes = {
	};
	objectVersion = 48;
	objects = {

/* Begin PBXBuildFile section */
		6717E1BA206C895800360416 /* DemoPath.swift in Sources */ = {isa = PBXBuildFile; fileRef = 6717E1B9206C895800360416 /* DemoPath.swift */; };
		6717E1BE206D19DC00360416 /* AllMapContainerViewController.swift in Sources */ = {isa = PBXBuildFile; fileRef = 6717E1BD206D19DC00360416 /* AllMapContainerViewController.swift */; };
		6721720E206C7C5600EDF7AB /* Pods_Paths_PathLibraryDemo.framework in Frameworks */ = {isa = PBXBuildFile; fileRef = 6721720F206C7C5600EDF7AB /* Pods_Paths_PathLibraryDemo.framework */; };
		67217213206C7E3F00EDF7AB /* PathMap.framework in Embed Frameworks */ = {isa = PBXBuildFile; fileRef = 67217211206C7E2100EDF7AB /* PathMap.framework */; settings = {ATTRIBUTES = (CodeSignOnCopy, RemoveHeadersOnCopy, ); }; };
		67296DBE206AE8F900D57585 /* AppDelegate.swift in Sources */ = {isa = PBXBuildFile; fileRef = 67296DBD206AE8F900D57585 /* AppDelegate.swift */; };
		67296DC0206AE8F900D57585 /* TableViewController.swift in Sources */ = {isa = PBXBuildFile; fileRef = 67296DBF206AE8F900D57585 /* TableViewController.swift */; };
		67296DC3206AE8F900D57585 /* Main.storyboard in Resources */ = {isa = PBXBuildFile; fileRef = 67296DC1206AE8F900D57585 /* Main.storyboard */; };
		67296DC5206AE8F900D57585 /* Assets.xcassets in Resources */ = {isa = PBXBuildFile; fileRef = 67296DC4206AE8F900D57585 /* Assets.xcassets */; };
		67296DC8206AE8F900D57585 /* LaunchScreen.storyboard in Resources */ = {isa = PBXBuildFile; fileRef = 67296DC6206AE8F900D57585 /* LaunchScreen.storyboard */; };
		67296DD3206AE8F900D57585 /* PathLibraryDemoTests.swift in Sources */ = {isa = PBXBuildFile; fileRef = 67296DD2206AE8F900D57585 /* PathLibraryDemoTests.swift */; };
		67296DDE206AE8F900D57585 /* PathLibraryDemoUITests.swift in Sources */ = {isa = PBXBuildFile; fileRef = 67296DDD206AE8F900D57585 /* PathLibraryDemoUITests.swift */; };
		67A8A1A3206B45FE00D46A4B /* PathPhoto.framework in Embed Frameworks */ = {isa = PBXBuildFile; fileRef = 67A8A19A206B189700D46A4B /* PathPhoto.framework */; settings = {ATTRIBUTES = (CodeSignOnCopy, RemoveHeadersOnCopy, ); }; };
/* End PBXBuildFile section */

/* Begin PBXContainerItemProxy section */
		67296DCF206AE8F900D57585 /* PBXContainerItemProxy */ = {
			isa = PBXContainerItemProxy;
			containerPortal = 67296DB2206AE8F900D57585 /* Project object */;
			proxyType = 1;
			remoteGlobalIDString = 67296DB9206AE8F900D57585;
			remoteInfo = PathLibraryDemo;
		};
		67296DDA206AE8F900D57585 /* PBXContainerItemProxy */ = {
			isa = PBXContainerItemProxy;
			containerPortal = 67296DB2206AE8F900D57585 /* Project object */;
			proxyType = 1;
			remoteGlobalIDString = 67296DB9206AE8F900D57585;
			remoteInfo = PathLibraryDemo;
		};
/* End PBXContainerItemProxy section */

/* Begin PBXCopyFilesBuildPhase section */
		67A8A1A4206B45FE00D46A4B /* Embed Frameworks */ = {
			isa = PBXCopyFilesBuildPhase;
			buildActionMask = 2147483647;
			dstPath = "";
			dstSubfolderSpec = 10;
			files = (
				67217213206C7E3F00EDF7AB /* PathMap.framework in Embed Frameworks */,
				67A8A1A3206B45FE00D46A4B /* PathPhoto.framework in Embed Frameworks */,
			);
			name = "Embed Frameworks";
			runOnlyForDeploymentPostprocessing = 0;
		};
/* End PBXCopyFilesBuildPhase section */

/* Begin PBXFileReference section */
		24AC89F43DBC6854CEEB914B /* Pods-PathLibraryDemo.release.xcconfig */ = {isa = PBXFileReference; includeInIndex = 1; lastKnownFileType = text.xcconfig; name = "Pods-PathLibraryDemo.release.xcconfig"; path = "../Pods/Target Support Files/Pods-PathLibraryDemo/Pods-PathLibraryDemo.release.xcconfig"; sourceTree = "<group>"; };
		314B76AA7CF0FE9EC74D7841 /* Pods_Paths_PathLibraryDemo.framework */ = {isa = PBXFileReference; explicitFileType = wrapper.framework; includeInIndex = 0; path = Pods_Paths_PathLibraryDemo.framework; sourceTree = BUILT_PRODUCTS_DIR; };
		6717E1B9206C895800360416 /* DemoPath.swift */ = {isa = PBXFileReference; lastKnownFileType = sourcecode.swift; path = DemoPath.swift; sourceTree = "<group>"; };
		6717E1BD206D19DC00360416 /* AllMapContainerViewController.swift */ = {isa = PBXFileReference; lastKnownFileType = sourcecode.swift; path = AllMapContainerViewController.swift; sourceTree = "<group>"; };
		6721720D206C7C4700EDF7AB /* Pods_Paths_PathMap.framework */ = {isa = PBXFileReference; explicitFileType = wrapper.framework; path = Pods_Paths_PathMap.framework; sourceTree = BUILT_PRODUCTS_DIR; };
		6721720F206C7C5600EDF7AB /* Pods_Paths_PathLibraryDemo.framework */ = {isa = PBXFileReference; explicitFileType = wrapper.framework; path = Pods_Paths_PathLibraryDemo.framework; sourceTree = BUILT_PRODUCTS_DIR; };
		67217211206C7E2100EDF7AB /* PathMap.framework */ = {isa = PBXFileReference; explicitFileType = wrapper.framework; path = PathMap.framework; sourceTree = BUILT_PRODUCTS_DIR; };
		67296DBA206AE8F900D57585 /* PathLibraryDemo.app */ = {isa = PBXFileReference; explicitFileType = wrapper.application; includeInIndex = 0; path = PathLibraryDemo.app; sourceTree = BUILT_PRODUCTS_DIR; };
		67296DBD206AE8F900D57585 /* AppDelegate.swift */ = {isa = PBXFileReference; lastKnownFileType = sourcecode.swift; path = AppDelegate.swift; sourceTree = "<group>"; };
		67296DBF206AE8F900D57585 /* TableViewController.swift */ = {isa = PBXFileReference; lastKnownFileType = sourcecode.swift; path = TableViewController.swift; sourceTree = "<group>"; };
		67296DC2206AE8F900D57585 /* Base */ = {isa = PBXFileReference; lastKnownFileType = file.storyboard; name = Base; path = Base.lproj/Main.storyboard; sourceTree = "<group>"; };
		67296DC4206AE8F900D57585 /* Assets.xcassets */ = {isa = PBXFileReference; lastKnownFileType = folder.assetcatalog; path = Assets.xcassets; sourceTree = "<group>"; };
		67296DC7206AE8F900D57585 /* Base */ = {isa = PBXFileReference; lastKnownFileType = file.storyboard; name = Base; path = Base.lproj/LaunchScreen.storyboard; sourceTree = "<group>"; };
		67296DC9206AE8F900D57585 /* Info.plist */ = {isa = PBXFileReference; lastKnownFileType = text.plist.xml; path = Info.plist; sourceTree = "<group>"; };
		67296DCE206AE8F900D57585 /* PathLibraryDemoTests.xctest */ = {isa = PBXFileReference; explicitFileType = wrapper.cfbundle; includeInIndex = 0; path = PathLibraryDemoTests.xctest; sourceTree = BUILT_PRODUCTS_DIR; };
		67296DD2206AE8F900D57585 /* PathLibraryDemoTests.swift */ = {isa = PBXFileReference; lastKnownFileType = sourcecode.swift; path = PathLibraryDemoTests.swift; sourceTree = "<group>"; };
		67296DD4206AE8F900D57585 /* Info.plist */ = {isa = PBXFileReference; lastKnownFileType = text.plist.xml; path = Info.plist; sourceTree = "<group>"; };
		67296DD9206AE8F900D57585 /* PathLibraryDemoUITests.xctest */ = {isa = PBXFileReference; explicitFileType = wrapper.cfbundle; includeInIndex = 0; path = PathLibraryDemoUITests.xctest; sourceTree = BUILT_PRODUCTS_DIR; };
		67296DDD206AE8F900D57585 /* PathLibraryDemoUITests.swift */ = {isa = PBXFileReference; lastKnownFileType = sourcecode.swift; path = PathLibraryDemoUITests.swift; sourceTree = "<group>"; };
		67296DDF206AE8F900D57585 /* Info.plist */ = {isa = PBXFileReference; lastKnownFileType = text.plist.xml; path = Info.plist; sourceTree = "<group>"; };
		67296DF0206AEA6C00D57585 /* PathData.framework */ = {isa = PBXFileReference; explicitFileType = wrapper.framework; path = PathData.framework; sourceTree = BUILT_PRODUCTS_DIR; };
		676450B5206C44DC00C5B2A9 /* PathMap.framework */ = {isa = PBXFileReference; explicitFileType = wrapper.framework; name = PathMap.framework; path = "/Users/kevinfinn/Documents/Xcode/PathLibrary/PathLibraryDemo/build/Debug-iphoneos/PathMap.framework"; sourceTree = "<absolute>"; };
		6773F1D1206AF150000F9805 /* PathPhoto.framework */ = {isa = PBXFileReference; explicitFileType = wrapper.framework; path = PathPhoto.framework; sourceTree = BUILT_PRODUCTS_DIR; };
		6773F1D8206B1362000F9805 /* Pods_PathLibraryDemo_PathPhoto.framework */ = {isa = PBXFileReference; explicitFileType = wrapper.framework; path = Pods_PathLibraryDemo_PathPhoto.framework; sourceTree = BUILT_PRODUCTS_DIR; };
		67A8A198206B174B00D46A4B /* Pods_PathLibraryDemo_PathPhoto.framework */ = {isa = PBXFileReference; explicitFileType = wrapper.framework; path = Pods_PathLibraryDemo_PathPhoto.framework; sourceTree = BUILT_PRODUCTS_DIR; };
		67A8A19A206B189700D46A4B /* PathPhoto.framework */ = {isa = PBXFileReference; explicitFileType = wrapper.framework; path = PathPhoto.framework; sourceTree = BUILT_PRODUCTS_DIR; };
		67A8A19C206B18AB00D46A4B /* Pods_PathLibraryDemo.framework */ = {isa = PBXFileReference; explicitFileType = wrapper.framework; path = Pods_PathLibraryDemo.framework; sourceTree = BUILT_PRODUCTS_DIR; };
		67A8A19E206B19EB00D46A4B /* Pods_Paths_PathLibraryDemo.framework */ = {isa = PBXFileReference; explicitFileType = wrapper.framework; path = Pods_Paths_PathLibraryDemo.framework; sourceTree = BUILT_PRODUCTS_DIR; };
		8C4EA25E40B6331AEEAD47CE /* Pods-PathLibraryDemo.debug.xcconfig */ = {isa = PBXFileReference; includeInIndex = 1; lastKnownFileType = text.xcconfig; name = "Pods-PathLibraryDemo.debug.xcconfig"; path = "../Pods/Target Support Files/Pods-PathLibraryDemo/Pods-PathLibraryDemo.debug.xcconfig"; sourceTree = "<group>"; };
		920E10E5A281D91561FF86E1 /* Pods-Paths-PathLibraryDemo.debug.xcconfig */ = {isa = PBXFileReference; includeInIndex = 1; lastKnownFileType = text.xcconfig; name = "Pods-Paths-PathLibraryDemo.debug.xcconfig"; path = "../Pods/Target Support Files/Pods-Paths-PathLibraryDemo/Pods-Paths-PathLibraryDemo.debug.xcconfig"; sourceTree = "<group>"; };
		A34C051F51945CBBBC6425F7 /* Pods-Paths-PathLibraryDemo.release.xcconfig */ = {isa = PBXFileReference; includeInIndex = 1; lastKnownFileType = text.xcconfig; name = "Pods-Paths-PathLibraryDemo.release.xcconfig"; path = "../Pods/Target Support Files/Pods-Paths-PathLibraryDemo/Pods-Paths-PathLibraryDemo.release.xcconfig"; sourceTree = "<group>"; };
		FB9BAE860AC885A671A56C1E /* Pods_PathLibraryDemo.framework */ = {isa = PBXFileReference; explicitFileType = wrapper.framework; includeInIndex = 0; path = Pods_PathLibraryDemo.framework; sourceTree = BUILT_PRODUCTS_DIR; };
/* End PBXFileReference section */

/* Begin PBXFrameworksBuildPhase section */
		67296DB7206AE8F900D57585 /* Frameworks */ = {
			isa = PBXFrameworksBuildPhase;
			buildActionMask = 2147483647;
			files = (
				6721720E206C7C5600EDF7AB /* Pods_Paths_PathLibraryDemo.framework in Frameworks */,
			);
			runOnlyForDeploymentPostprocessing = 0;
		};
		67296DCB206AE8F900D57585 /* Frameworks */ = {
			isa = PBXFrameworksBuildPhase;
			buildActionMask = 2147483647;
			files = (
			);
			runOnlyForDeploymentPostprocessing = 0;
		};
		67296DD6206AE8F900D57585 /* Frameworks */ = {
			isa = PBXFrameworksBuildPhase;
			buildActionMask = 2147483647;
			files = (
			);
			runOnlyForDeploymentPostprocessing = 0;
		};
/* End PBXFrameworksBuildPhase section */

/* Begin PBXGroup section */
		399DDEA87B603CF03E7A0558 /* Pods */ = {
			isa = PBXGroup;
			children = (
				8C4EA25E40B6331AEEAD47CE /* Pods-PathLibraryDemo.debug.xcconfig */,
				24AC89F43DBC6854CEEB914B /* Pods-PathLibraryDemo.release.xcconfig */,
				920E10E5A281D91561FF86E1 /* Pods-Paths-PathLibraryDemo.debug.xcconfig */,
				A34C051F51945CBBBC6425F7 /* Pods-Paths-PathLibraryDemo.release.xcconfig */,
			);
			name = Pods;
			sourceTree = "<group>";
		};
		39CC8CD554A5069409FFC603 /* Frameworks */ = {
			isa = PBXGroup;
			children = (
				67217211206C7E2100EDF7AB /* PathMap.framework */,
				6721720F206C7C5600EDF7AB /* Pods_Paths_PathLibraryDemo.framework */,
				6721720D206C7C4700EDF7AB /* Pods_Paths_PathMap.framework */,
				67A8A19E206B19EB00D46A4B /* Pods_Paths_PathLibraryDemo.framework */,
				67A8A19C206B18AB00D46A4B /* Pods_PathLibraryDemo.framework */,
				67A8A19A206B189700D46A4B /* PathPhoto.framework */,
				67A8A198206B174B00D46A4B /* Pods_PathLibraryDemo_PathPhoto.framework */,
				6773F1D8206B1362000F9805 /* Pods_PathLibraryDemo_PathPhoto.framework */,
				6773F1D1206AF150000F9805 /* PathPhoto.framework */,
				67296DF0206AEA6C00D57585 /* PathData.framework */,
				FB9BAE860AC885A671A56C1E /* Pods_PathLibraryDemo.framework */,
				314B76AA7CF0FE9EC74D7841 /* Pods_Paths_PathLibraryDemo.framework */,
			);
			name = Frameworks;
			sourceTree = "<group>";
		};
		6721720B206C50E700EDF7AB /* Recovered References */ = {
			isa = PBXGroup;
			children = (
				676450B5206C44DC00C5B2A9 /* PathMap.framework */,
			);
			name = "Recovered References";
			sourceTree = "<group>";
		};
		67296DB1206AE8F900D57585 = {
			isa = PBXGroup;
			children = (
				67296DBC206AE8F900D57585 /* PathLibraryDemo */,
				67296DD1206AE8F900D57585 /* PathLibraryDemoTests */,
				67296DDC206AE8F900D57585 /* PathLibraryDemoUITests */,
				67296DBB206AE8F900D57585 /* Products */,
				399DDEA87B603CF03E7A0558 /* Pods */,
				39CC8CD554A5069409FFC603 /* Frameworks */,
				6721720B206C50E700EDF7AB /* Recovered References */,
			);
			sourceTree = "<group>";
		};
		67296DBB206AE8F900D57585 /* Products */ = {
			isa = PBXGroup;
			children = (
				67296DBA206AE8F900D57585 /* PathLibraryDemo.app */,
				67296DCE206AE8F900D57585 /* PathLibraryDemoTests.xctest */,
				67296DD9206AE8F900D57585 /* PathLibraryDemoUITests.xctest */,
			);
			name = Products;
			sourceTree = "<group>";
		};
		67296DBC206AE8F900D57585 /* PathLibraryDemo */ = {
			isa = PBXGroup;
			children = (
				67296DBD206AE8F900D57585 /* AppDelegate.swift */,
				67296DBF206AE8F900D57585 /* TableViewController.swift */,
				67296DC1206AE8F900D57585 /* Main.storyboard */,
				67296DC4206AE8F900D57585 /* Assets.xcassets */,
				67296DC6206AE8F900D57585 /* LaunchScreen.storyboard */,
				67296DC9206AE8F900D57585 /* Info.plist */,
				6717E1B9206C895800360416 /* DemoPath.swift */,
				6717E1BD206D19DC00360416 /* AllMapContainerViewController.swift */,
			);
			path = PathLibraryDemo;
			sourceTree = "<group>";
		};
		67296DD1206AE8F900D57585 /* PathLibraryDemoTests */ = {
			isa = PBXGroup;
			children = (
				67296DD2206AE8F900D57585 /* PathLibraryDemoTests.swift */,
				67296DD4206AE8F900D57585 /* Info.plist */,
			);
			path = PathLibraryDemoTests;
			sourceTree = "<group>";
		};
		67296DDC206AE8F900D57585 /* PathLibraryDemoUITests */ = {
			isa = PBXGroup;
			children = (
				67296DDD206AE8F900D57585 /* PathLibraryDemoUITests.swift */,
				67296DDF206AE8F900D57585 /* Info.plist */,
			);
			path = PathLibraryDemoUITests;
			sourceTree = "<group>";
		};
/* End PBXGroup section */

/* Begin PBXNativeTarget section */
		67296DB9206AE8F900D57585 /* PathLibraryDemo */ = {
			isa = PBXNativeTarget;
			buildConfigurationList = 67296DE2206AE8F900D57585 /* Build configuration list for PBXNativeTarget "PathLibraryDemo" */;
			buildPhases = (
				A739128BF3750C3D0427D3A1 /* [CP] Check Pods Manifest.lock */,
				67296DB6206AE8F900D57585 /* Sources */,
				67296DB7206AE8F900D57585 /* Frameworks */,
				67296DB8206AE8F900D57585 /* Resources */,
				0C57B41224949A63151B9147 /* [CP] Embed Pods Frameworks */,
				CBCE156D580EC64C982D0445 /* [CP] Copy Pods Resources */,
				67A8A1A4206B45FE00D46A4B /* Embed Frameworks */,
			);
			buildRules = (
			);
			dependencies = (
			);
			name = PathLibraryDemo;
			productName = PathLibraryDemo;
			productReference = 67296DBA206AE8F900D57585 /* PathLibraryDemo.app */;
			productType = "com.apple.product-type.application";
		};
		67296DCD206AE8F900D57585 /* PathLibraryDemoTests */ = {
			isa = PBXNativeTarget;
			buildConfigurationList = 67296DE5206AE8F900D57585 /* Build configuration list for PBXNativeTarget "PathLibraryDemoTests" */;
			buildPhases = (
				67296DCA206AE8F900D57585 /* Sources */,
				67296DCB206AE8F900D57585 /* Frameworks */,
				67296DCC206AE8F900D57585 /* Resources */,
			);
			buildRules = (
			);
			dependencies = (
				67296DD0206AE8F900D57585 /* PBXTargetDependency */,
			);
			name = PathLibraryDemoTests;
			productName = PathLibraryDemoTests;
			productReference = 67296DCE206AE8F900D57585 /* PathLibraryDemoTests.xctest */;
			productType = "com.apple.product-type.bundle.unit-test";
		};
		67296DD8206AE8F900D57585 /* PathLibraryDemoUITests */ = {
			isa = PBXNativeTarget;
			buildConfigurationList = 67296DE8206AE8F900D57585 /* Build configuration list for PBXNativeTarget "PathLibraryDemoUITests" */;
			buildPhases = (
				67296DD5206AE8F900D57585 /* Sources */,
				67296DD6206AE8F900D57585 /* Frameworks */,
				67296DD7206AE8F900D57585 /* Resources */,
			);
			buildRules = (
			);
			dependencies = (
				67296DDB206AE8F900D57585 /* PBXTargetDependency */,
			);
			name = PathLibraryDemoUITests;
			productName = PathLibraryDemoUITests;
			productReference = 67296DD9206AE8F900D57585 /* PathLibraryDemoUITests.xctest */;
			productType = "com.apple.product-type.bundle.ui-testing";
		};
/* End PBXNativeTarget section */

/* Begin PBXProject section */
		67296DB2206AE8F900D57585 /* Project object */ = {
			isa = PBXProject;
			attributes = {
				LastSwiftUpdateCheck = 0920;
				LastUpgradeCheck = 0920;
				ORGANIZATIONNAME = "Kevin Finn";
				TargetAttributes = {
					67296DB9206AE8F900D57585 = {
						CreatedOnToolsVersion = 9.2;
						ProvisioningStyle = Automatic;
					};
					67296DCD206AE8F900D57585 = {
						CreatedOnToolsVersion = 9.2;
						ProvisioningStyle = Automatic;
						TestTargetID = 67296DB9206AE8F900D57585;
					};
					67296DD8206AE8F900D57585 = {
						CreatedOnToolsVersion = 9.2;
						ProvisioningStyle = Automatic;
						TestTargetID = 67296DB9206AE8F900D57585;
					};
				};
			};
			buildConfigurationList = 67296DB5206AE8F900D57585 /* Build configuration list for PBXProject "PathLibraryDemo" */;
			compatibilityVersion = "Xcode 8.0";
			developmentRegion = en;
			hasScannedForEncodings = 0;
			knownRegions = (
				en,
				Base,
			);
			mainGroup = 67296DB1206AE8F900D57585;
			productRefGroup = 67296DBB206AE8F900D57585 /* Products */;
			projectDirPath = "";
			projectRoot = "";
			targets = (
				67296DB9206AE8F900D57585 /* PathLibraryDemo */,
				67296DCD206AE8F900D57585 /* PathLibraryDemoTests */,
				67296DD8206AE8F900D57585 /* PathLibraryDemoUITests */,
			);
		};
/* End PBXProject section */

/* Begin PBXResourcesBuildPhase section */
		67296DB8206AE8F900D57585 /* Resources */ = {
			isa = PBXResourcesBuildPhase;
			buildActionMask = 2147483647;
			files = (
				67296DC8206AE8F900D57585 /* LaunchScreen.storyboard in Resources */,
				67296DC5206AE8F900D57585 /* Assets.xcassets in Resources */,
				67296DC3206AE8F900D57585 /* Main.storyboard in Resources */,
			);
			runOnlyForDeploymentPostprocessing = 0;
		};
		67296DCC206AE8F900D57585 /* Resources */ = {
			isa = PBXResourcesBuildPhase;
			buildActionMask = 2147483647;
			files = (
			);
			runOnlyForDeploymentPostprocessing = 0;
		};
		67296DD7206AE8F900D57585 /* Resources */ = {
			isa = PBXResourcesBuildPhase;
			buildActionMask = 2147483647;
			files = (
			);
			runOnlyForDeploymentPostprocessing = 0;
		};
/* End PBXResourcesBuildPhase section */

/* Begin PBXShellScriptBuildPhase section */
		0C57B41224949A63151B9147 /* [CP] Embed Pods Frameworks */ = {
			isa = PBXShellScriptBuildPhase;
			buildActionMask = 2147483647;
			files = (
			);
			inputPaths = (
				"${SRCROOT}/../Pods/Target Support Files/Pods-Paths-PathLibraryDemo/Pods-Paths-PathLibraryDemo-frameworks.sh",
				"${BUILT_PRODUCTS_DIR}/RandomKit/RandomKit.framework",
				"${BUILT_PRODUCTS_DIR}/RxCocoa/RxCocoa.framework",
				"${BUILT_PRODUCTS_DIR}/RxSwift/RxSwift.framework",
				"${BUILT_PRODUCTS_DIR}/ShiftOperations/ShiftOperations.framework",
				"${BUILT_PRODUCTS_DIR}/SwiftyBeaver/SwiftyBeaver.framework",
				"${BUILT_PRODUCTS_DIR}/Threadly/Threadly.framework",
				"${BUILT_PRODUCTS_DIR}/AssetsPickerViewController/AssetsPickerViewController.framework",
				"${BUILT_PRODUCTS_DIR}/Device/Device.framework",
				"${BUILT_PRODUCTS_DIR}/Dimmer/Dimmer.framework",
				"${BUILT_PRODUCTS_DIR}/FadeView/FadeView.framework",
				"${BUILT_PRODUCTS_DIR}/PureLayout/PureLayout.framework",
				"${BUILT_PRODUCTS_DIR}/SwiftARGB/SwiftARGB.framework",
				"${BUILT_PRODUCTS_DIR}/TinyLog/TinyLog.framework",
				"${BUILT_PRODUCTS_DIR}/UIViewKVO/UIViewKVO.framework",
			);
			name = "[CP] Embed Pods Frameworks";
			outputPaths = (
				"${TARGET_BUILD_DIR}/${FRAMEWORKS_FOLDER_PATH}/RandomKit.framework",
				"${TARGET_BUILD_DIR}/${FRAMEWORKS_FOLDER_PATH}/RxCocoa.framework",
				"${TARGET_BUILD_DIR}/${FRAMEWORKS_FOLDER_PATH}/RxSwift.framework",
				"${TARGET_BUILD_DIR}/${FRAMEWORKS_FOLDER_PATH}/ShiftOperations.framework",
				"${TARGET_BUILD_DIR}/${FRAMEWORKS_FOLDER_PATH}/SwiftyBeaver.framework",
				"${TARGET_BUILD_DIR}/${FRAMEWORKS_FOLDER_PATH}/Threadly.framework",
				"${TARGET_BUILD_DIR}/${FRAMEWORKS_FOLDER_PATH}/AssetsPickerViewController.framework",
				"${TARGET_BUILD_DIR}/${FRAMEWORKS_FOLDER_PATH}/Device.framework",
				"${TARGET_BUILD_DIR}/${FRAMEWORKS_FOLDER_PATH}/Dimmer.framework",
				"${TARGET_BUILD_DIR}/${FRAMEWORKS_FOLDER_PATH}/FadeView.framework",
				"${TARGET_BUILD_DIR}/${FRAMEWORKS_FOLDER_PATH}/PureLayout.framework",
				"${TARGET_BUILD_DIR}/${FRAMEWORKS_FOLDER_PATH}/SwiftARGB.framework",
				"${TARGET_BUILD_DIR}/${FRAMEWORKS_FOLDER_PATH}/TinyLog.framework",
				"${TARGET_BUILD_DIR}/${FRAMEWORKS_FOLDER_PATH}/UIViewKVO.framework",
			);
			runOnlyForDeploymentPostprocessing = 0;
			shellPath = /bin/sh;
			shellScript = "\"${SRCROOT}/../Pods/Target Support Files/Pods-Paths-PathLibraryDemo/Pods-Paths-PathLibraryDemo-frameworks.sh\"\n";
			showEnvVarsInLog = 0;
		};
		A739128BF3750C3D0427D3A1 /* [CP] Check Pods Manifest.lock */ = {
			isa = PBXShellScriptBuildPhase;
			buildActionMask = 2147483647;
			files = (
			);
			inputPaths = (
				"${PODS_PODFILE_DIR_PATH}/Podfile.lock",
				"${PODS_ROOT}/Manifest.lock",
			);
			name = "[CP] Check Pods Manifest.lock";
			outputPaths = (
				"$(DERIVED_FILE_DIR)/Pods-Paths-PathLibraryDemo-checkManifestLockResult.txt",
			);
			runOnlyForDeploymentPostprocessing = 0;
			shellPath = /bin/sh;
			shellScript = "diff \"${PODS_PODFILE_DIR_PATH}/Podfile.lock\" \"${PODS_ROOT}/Manifest.lock\" > /dev/null\nif [ $? != 0 ] ; then\n    # print error to STDERR\n    echo \"error: The sandbox is not in sync with the Podfile.lock. Run 'pod install' or update your CocoaPods installation.\" >&2\n    exit 1\nfi\n# This output is used by Xcode 'outputs' to avoid re-running this script phase.\necho \"SUCCESS\" > \"${SCRIPT_OUTPUT_FILE_0}\"\n";
			showEnvVarsInLog = 0;
		};
		CBCE156D580EC64C982D0445 /* [CP] Copy Pods Resources */ = {
			isa = PBXShellScriptBuildPhase;
			buildActionMask = 2147483647;
			files = (
			);
			inputPaths = (
			);
			name = "[CP] Copy Pods Resources";
			outputPaths = (
			);
			runOnlyForDeploymentPostprocessing = 0;
			shellPath = /bin/sh;
			shellScript = "\"${SRCROOT}/../Pods/Target Support Files/Pods-Paths-PathLibraryDemo/Pods-Paths-PathLibraryDemo-resources.sh\"\n";
			showEnvVarsInLog = 0;
		};
/* End PBXShellScriptBuildPhase section */

/* Begin PBXSourcesBuildPhase section */
		67296DB6206AE8F900D57585 /* Sources */ = {
			isa = PBXSourcesBuildPhase;
			buildActionMask = 2147483647;
			files = (
				67296DC0206AE8F900D57585 /* TableViewController.swift in Sources */,
				6717E1BA206C895800360416 /* DemoPath.swift in Sources */,
				67296DBE206AE8F900D57585 /* AppDelegate.swift in Sources */,
				6717E1BE206D19DC00360416 /* AllMapContainerViewController.swift in Sources */,
			);
			runOnlyForDeploymentPostprocessing = 0;
		};
		67296DCA206AE8F900D57585 /* Sources */ = {
			isa = PBXSourcesBuildPhase;
			buildActionMask = 2147483647;
			files = (
				67296DD3206AE8F900D57585 /* PathLibraryDemoTests.swift in Sources */,
			);
			runOnlyForDeploymentPostprocessing = 0;
		};
		67296DD5206AE8F900D57585 /* Sources */ = {
			isa = PBXSourcesBuildPhase;
			buildActionMask = 2147483647;
			files = (
				67296DDE206AE8F900D57585 /* PathLibraryDemoUITests.swift in Sources */,
			);
			runOnlyForDeploymentPostprocessing = 0;
		};
/* End PBXSourcesBuildPhase section */

/* Begin PBXTargetDependency section */
		67296DD0206AE8F900D57585 /* PBXTargetDependency */ = {
			isa = PBXTargetDependency;
			target = 67296DB9206AE8F900D57585 /* PathLibraryDemo */;
			targetProxy = 67296DCF206AE8F900D57585 /* PBXContainerItemProxy */;
		};
		67296DDB206AE8F900D57585 /* PBXTargetDependency */ = {
			isa = PBXTargetDependency;
			target = 67296DB9206AE8F900D57585 /* PathLibraryDemo */;
			targetProxy = 67296DDA206AE8F900D57585 /* PBXContainerItemProxy */;
		};
/* End PBXTargetDependency section */

/* Begin PBXVariantGroup section */
		67296DC1206AE8F900D57585 /* Main.storyboard */ = {
			isa = PBXVariantGroup;
			children = (
				67296DC2206AE8F900D57585 /* Base */,
			);
			name = Main.storyboard;
			sourceTree = "<group>";
		};
		67296DC6206AE8F900D57585 /* LaunchScreen.storyboard */ = {
			isa = PBXVariantGroup;
			children = (
				67296DC7206AE8F900D57585 /* Base */,
			);
			name = LaunchScreen.storyboard;
			sourceTree = "<group>";
		};
/* End PBXVariantGroup section */

/* Begin XCBuildConfiguration section */
		67296DE0206AE8F900D57585 /* Debug */ = {
			isa = XCBuildConfiguration;
			buildSettings = {
				ALWAYS_SEARCH_USER_PATHS = NO;
				CLANG_ANALYZER_NONNULL = YES;
				CLANG_ANALYZER_NUMBER_OBJECT_CONVERSION = YES_AGGRESSIVE;
				CLANG_CXX_LANGUAGE_STANDARD = "gnu++14";
				CLANG_CXX_LIBRARY = "libc++";
				CLANG_ENABLE_MODULES = YES;
				CLANG_ENABLE_OBJC_ARC = YES;
				CLANG_WARN_BLOCK_CAPTURE_AUTORELEASING = YES;
				CLANG_WARN_BOOL_CONVERSION = YES;
				CLANG_WARN_COMMA = YES;
				CLANG_WARN_CONSTANT_CONVERSION = YES;
				CLANG_WARN_DIRECT_OBJC_ISA_USAGE = YES_ERROR;
				CLANG_WARN_DOCUMENTATION_COMMENTS = YES;
				CLANG_WARN_EMPTY_BODY = YES;
				CLANG_WARN_ENUM_CONVERSION = YES;
				CLANG_WARN_INFINITE_RECURSION = YES;
				CLANG_WARN_INT_CONVERSION = YES;
				CLANG_WARN_NON_LITERAL_NULL_CONVERSION = YES;
				CLANG_WARN_OBJC_LITERAL_CONVERSION = YES;
				CLANG_WARN_OBJC_ROOT_CLASS = YES_ERROR;
				CLANG_WARN_RANGE_LOOP_ANALYSIS = YES;
				CLANG_WARN_STRICT_PROTOTYPES = YES;
				CLANG_WARN_SUSPICIOUS_MOVE = YES;
				CLANG_WARN_UNGUARDED_AVAILABILITY = YES_AGGRESSIVE;
				CLANG_WARN_UNREACHABLE_CODE = YES;
				CLANG_WARN__DUPLICATE_METHOD_MATCH = YES;
				CODE_SIGN_IDENTITY = "iPhone Developer";
				COPY_PHASE_STRIP = NO;
				DEBUG_INFORMATION_FORMAT = dwarf;
				ENABLE_STRICT_OBJC_MSGSEND = YES;
				ENABLE_TESTABILITY = YES;
				GCC_C_LANGUAGE_STANDARD = gnu11;
				GCC_DYNAMIC_NO_PIC = NO;
				GCC_NO_COMMON_BLOCKS = YES;
				GCC_OPTIMIZATION_LEVEL = 0;
				GCC_PREPROCESSOR_DEFINITIONS = (
					"DEBUG=1",
					"$(inherited)",
				);
				GCC_WARN_64_TO_32_BIT_CONVERSION = YES;
				GCC_WARN_ABOUT_RETURN_TYPE = YES_ERROR;
				GCC_WARN_UNDECLARED_SELECTOR = YES;
				GCC_WARN_UNINITIALIZED_AUTOS = YES_AGGRESSIVE;
				GCC_WARN_UNUSED_FUNCTION = YES;
				GCC_WARN_UNUSED_VARIABLE = YES;
				IPHONEOS_DEPLOYMENT_TARGET = 11.2;
				MTL_ENABLE_DEBUG_INFO = YES;
				ONLY_ACTIVE_ARCH = YES;
				SDKROOT = iphoneos;
				SWIFT_ACTIVE_COMPILATION_CONDITIONS = DEBUG;
				SWIFT_OPTIMIZATION_LEVEL = "-Onone";
			};
			name = Debug;
		};
		67296DE1206AE8F900D57585 /* Release */ = {
			isa = XCBuildConfiguration;
			buildSettings = {
				ALWAYS_SEARCH_USER_PATHS = NO;
				CLANG_ANALYZER_NONNULL = YES;
				CLANG_ANALYZER_NUMBER_OBJECT_CONVERSION = YES_AGGRESSIVE;
				CLANG_CXX_LANGUAGE_STANDARD = "gnu++14";
				CLANG_CXX_LIBRARY = "libc++";
				CLANG_ENABLE_MODULES = YES;
				CLANG_ENABLE_OBJC_ARC = YES;
				CLANG_WARN_BLOCK_CAPTURE_AUTORELEASING = YES;
				CLANG_WARN_BOOL_CONVERSION = YES;
				CLANG_WARN_COMMA = YES;
				CLANG_WARN_CONSTANT_CONVERSION = YES;
				CLANG_WARN_DIRECT_OBJC_ISA_USAGE = YES_ERROR;
				CLANG_WARN_DOCUMENTATION_COMMENTS = YES;
				CLANG_WARN_EMPTY_BODY = YES;
				CLANG_WARN_ENUM_CONVERSION = YES;
				CLANG_WARN_INFINITE_RECURSION = YES;
				CLANG_WARN_INT_CONVERSION = YES;
				CLANG_WARN_NON_LITERAL_NULL_CONVERSION = YES;
				CLANG_WARN_OBJC_LITERAL_CONVERSION = YES;
				CLANG_WARN_OBJC_ROOT_CLASS = YES_ERROR;
				CLANG_WARN_RANGE_LOOP_ANALYSIS = YES;
				CLANG_WARN_STRICT_PROTOTYPES = YES;
				CLANG_WARN_SUSPICIOUS_MOVE = YES;
				CLANG_WARN_UNGUARDED_AVAILABILITY = YES_AGGRESSIVE;
				CLANG_WARN_UNREACHABLE_CODE = YES;
				CLANG_WARN__DUPLICATE_METHOD_MATCH = YES;
				CODE_SIGN_IDENTITY = "iPhone Developer";
				COPY_PHASE_STRIP = NO;
				DEBUG_INFORMATION_FORMAT = "dwarf-with-dsym";
				ENABLE_NS_ASSERTIONS = NO;
				ENABLE_STRICT_OBJC_MSGSEND = YES;
				GCC_C_LANGUAGE_STANDARD = gnu11;
				GCC_NO_COMMON_BLOCKS = YES;
				GCC_WARN_64_TO_32_BIT_CONVERSION = YES;
				GCC_WARN_ABOUT_RETURN_TYPE = YES_ERROR;
				GCC_WARN_UNDECLARED_SELECTOR = YES;
				GCC_WARN_UNINITIALIZED_AUTOS = YES_AGGRESSIVE;
				GCC_WARN_UNUSED_FUNCTION = YES;
				GCC_WARN_UNUSED_VARIABLE = YES;
				IPHONEOS_DEPLOYMENT_TARGET = 11.2;
				MTL_ENABLE_DEBUG_INFO = NO;
				SDKROOT = iphoneos;
				SWIFT_OPTIMIZATION_LEVEL = "-Owholemodule";
				VALIDATE_PRODUCT = YES;
			};
			name = Release;
		};
		67296DE3206AE8F900D57585 /* Debug */ = {
			isa = XCBuildConfiguration;
			baseConfigurationReference = 920E10E5A281D91561FF86E1 /* Pods-Paths-PathLibraryDemo.debug.xcconfig */;
			buildSettings = {
				ASSETCATALOG_COMPILER_APPICON_NAME = AppIcon;
				CODE_SIGN_STYLE = Automatic;
				DEVELOPMENT_TEAM = AX42SRP75W;
				INFOPLIST_FILE = PathLibraryDemo/Info.plist;
				IPHONEOS_DEPLOYMENT_TARGET = 11.2;
				LD_RUNPATH_SEARCH_PATHS = "$(inherited) @executable_path/Frameworks";
				PRODUCT_BUNDLE_IDENTIFIER = com.bingcrowsby.PathLibraryDemo;
				PRODUCT_NAME = "$(TARGET_NAME)";
				SWIFT_VERSION = 4.0;
				TARGETED_DEVICE_FAMILY = "1,2";
			};
			name = Debug;
		};
		67296DE4206AE8F900D57585 /* Release */ = {
			isa = XCBuildConfiguration;
			baseConfigurationReference = A34C051F51945CBBBC6425F7 /* Pods-Paths-PathLibraryDemo.release.xcconfig */;
			buildSettings = {
				ASSETCATALOG_COMPILER_APPICON_NAME = AppIcon;
				CODE_SIGN_STYLE = Automatic;
				DEVELOPMENT_TEAM = AX42SRP75W;
				INFOPLIST_FILE = PathLibraryDemo/Info.plist;
				IPHONEOS_DEPLOYMENT_TARGET = 11.2;
				LD_RUNPATH_SEARCH_PATHS = "$(inherited) @executable_path/Frameworks";
				PRODUCT_BUNDLE_IDENTIFIER = com.bingcrowsby.PathLibraryDemo;
				PRODUCT_NAME = "$(TARGET_NAME)";
				SWIFT_VERSION = 4.0;
				TARGETED_DEVICE_FAMILY = "1,2";
			};
			name = Release;
		};
		67296DE6206AE8F900D57585 /* Debug */ = {
			isa = XCBuildConfiguration;
			buildSettings = {
				ALWAYS_EMBED_SWIFT_STANDARD_LIBRARIES = YES;
				BUNDLE_LOADER = "$(TEST_HOST)";
				CODE_SIGN_STYLE = Automatic;
				DEVELOPMENT_TEAM = AX42SRP75W;
				INFOPLIST_FILE = PathLibraryDemoTests/Info.plist;
				LD_RUNPATH_SEARCH_PATHS = "$(inherited) @executable_path/Frameworks @loader_path/Frameworks";
				PRODUCT_BUNDLE_IDENTIFIER = com.bingcrowsby.PathLibraryDemoTests;
				PRODUCT_NAME = "$(TARGET_NAME)";
				SWIFT_VERSION = 4.0;
				TARGETED_DEVICE_FAMILY = "1,2";
				TEST_HOST = "$(BUILT_PRODUCTS_DIR)/PathLibraryDemo.app/PathLibraryDemo";
			};
			name = Debug;
		};
		67296DE7206AE8F900D57585 /* Release */ = {
			isa = XCBuildConfiguration;
			buildSettings = {
				ALWAYS_EMBED_SWIFT_STANDARD_LIBRARIES = YES;
				BUNDLE_LOADER = "$(TEST_HOST)";
				CODE_SIGN_STYLE = Automatic;
				DEVELOPMENT_TEAM = AX42SRP75W;
				INFOPLIST_FILE = PathLibraryDemoTests/Info.plist;
				LD_RUNPATH_SEARCH_PATHS = "$(inherited) @executable_path/Frameworks @loader_path/Frameworks";
				PRODUCT_BUNDLE_IDENTIFIER = com.bingcrowsby.PathLibraryDemoTests;
				PRODUCT_NAME = "$(TARGET_NAME)";
				SWIFT_VERSION = 4.0;
				TARGETED_DEVICE_FAMILY = "1,2";
				TEST_HOST = "$(BUILT_PRODUCTS_DIR)/PathLibraryDemo.app/PathLibraryDemo";
			};
			name = Release;
		};
		67296DE9206AE8F900D57585 /* Debug */ = {
			isa = XCBuildConfiguration;
			buildSettings = {
				ALWAYS_EMBED_SWIFT_STANDARD_LIBRARIES = YES;
				CODE_SIGN_STYLE = Automatic;
				DEVELOPMENT_TEAM = AX42SRP75W;
				INFOPLIST_FILE = PathLibraryDemoUITests/Info.plist;
				LD_RUNPATH_SEARCH_PATHS = "$(inherited) @executable_path/Frameworks @loader_path/Frameworks";
				PRODUCT_BUNDLE_IDENTIFIER = com.bingcrowsby.PathLibraryDemoUITests;
				PRODUCT_NAME = "$(TARGET_NAME)";
				SWIFT_VERSION = 4.0;
				TARGETED_DEVICE_FAMILY = "1,2";
				TEST_TARGET_NAME = PathLibraryDemo;
			};
			name = Debug;
		};
		67296DEA206AE8F900D57585 /* Release */ = {
			isa = XCBuildConfiguration;
			buildSettings = {
				ALWAYS_EMBED_SWIFT_STANDARD_LIBRARIES = YES;
				CODE_SIGN_STYLE = Automatic;
				DEVELOPMENT_TEAM = AX42SRP75W;
				INFOPLIST_FILE = PathLibraryDemoUITests/Info.plist;
				LD_RUNPATH_SEARCH_PATHS = "$(inherited) @executable_path/Frameworks @loader_path/Frameworks";
				PRODUCT_BUNDLE_IDENTIFIER = com.bingcrowsby.PathLibraryDemoUITests;
				PRODUCT_NAME = "$(TARGET_NAME)";
				SWIFT_VERSION = 4.0;
				TARGETED_DEVICE_FAMILY = "1,2";
				TEST_TARGET_NAME = PathLibraryDemo;
			};
			name = Release;
		};
/* End XCBuildConfiguration section */

/* Begin XCConfigurationList section */
		67296DB5206AE8F900D57585 /* Build configuration list for PBXProject "PathLibraryDemo" */ = {
			isa = XCConfigurationList;
			buildConfigurations = (
				67296DE0206AE8F900D57585 /* Debug */,
				67296DE1206AE8F900D57585 /* Release */,
			);
			defaultConfigurationIsVisible = 0;
			defaultConfigurationName = Release;
		};
		67296DE2206AE8F900D57585 /* Build configuration list for PBXNativeTarget "PathLibraryDemo" */ = {
			isa = XCConfigurationList;
			buildConfigurations = (
				67296DE3206AE8F900D57585 /* Debug */,
				67296DE4206AE8F900D57585 /* Release */,
			);
			defaultConfigurationIsVisible = 0;
			defaultConfigurationName = Release;
		};
		67296DE5206AE8F900D57585 /* Build configuration list for PBXNativeTarget "PathLibraryDemoTests" */ = {
			isa = XCConfigurationList;
			buildConfigurations = (
				67296DE6206AE8F900D57585 /* Debug */,
				67296DE7206AE8F900D57585 /* Release */,
			);
			defaultConfigurationIsVisible = 0;
			defaultConfigurationName = Release;
		};
		67296DE8206AE8F900D57585 /* Build configuration list for PBXNativeTarget "PathLibraryDemoUITests" */ = {
			isa = XCConfigurationList;
			buildConfigurations = (
				67296DE9206AE8F900D57585 /* Debug */,
				67296DEA206AE8F900D57585 /* Release */,
			);
			defaultConfigurationIsVisible = 0;
			defaultConfigurationName = Release;
		};
/* End XCConfigurationList section */
	};
	rootObject = 67296DB2206AE8F900D57585 /* Project object */;
}
